# THIS IS AN AUTOGENERATED FILE. DO NOT EDIT THIS FILE DIRECTLY.
# yarn lockfile v1


react-hook-form@^7.10.1:
  version "7.10.1"
  resolved "https://registry.yarnpkg.com/react-hook-form/-/react-hook-form-7.10.1.tgz#fd7c78ab72402c2f4a7ac4f6184e84ff0df129b2"
  integrity sha512-YRSkOZ0DJKjJ+PuCB6caFbFSbz6I4JQcGXVb/OeEIVE3YuXXYYJ/YQwodRy8HsZ5WA+DryoThWIeZZzPd5f9lQ==
